
Microsoft Visual Studio Solution File, Format Version 12.00
# Visual Studio Version 17
VisualStudioVersion = 17.8.34330.188
MinimumVisualStudioVersion = 10.0.40219.1
Project("{2150E333-8FDC-42A3-9474-1A3956D46DE8}") = "src", "src", "{B54A8855-F8F0-4015-80AA-86974E65AC2D}"
EndProject
Project("{9A19103F-16F7-4668-BE54-9A1E7A4F7556}") = "Claudia", "src\Claudia\Claudia.csproj", "{DBACF901-2D17-4600-A424-52DE1597EFE8}"
EndProject
Project("{2150E333-8FDC-42A3-9474-1A3956D46DE8}") = "sandbox", "sandbox", "{E61BFC87-2B96-4699-9B69-EE4B008AE0A0}"
EndProject
Project("{9A19103F-16F7-4668-BE54-9A1E7A4F7556}") = "ConsoleApp1", "sandbox\ConsoleApp1\ConsoleApp1.csproj", "{7D6C6A91-7B2E-4616-A40F-ACA1A0BDBEB4}"
EndProject
Project("{2150E333-8FDC-42A3-9474-1A3956D46DE8}") = "tests", "tests", "{1B4BD6F6-8528-4409-BA55-085DA5486D36}"
EndProject
Project("{9A19103F-16F7-4668-BE54-9A1E7A4F7556}") = "Claudia.Tests", "tests\Claudia.Tests\Claudia.Tests.csproj", "{B4A34AB7-FD1B-4CC4-9859-603D26D7D0A4}"
EndProject
Project("{9A19103F-16F7-4668-BE54-9A1E7A4F7556}") = "BlazorApp1", "sandbox\BlazorApp1\BlazorApp1.csproj", "{8EEB0F69-132B-4887-959D-25531588FCD2}"
EndProject
Project("{9A19103F-16F7-4668-BE54-9A1E7A4F7556}") = "Claudia.FunctionGenerator", "src\Claudia.FunctionGenerator\Claudia.FunctionGenerator.csproj", "{8C464111-AD67-4D2B-9AE2-0B52AB077EBD}"
EndProject
Project("{9A19103F-16F7-4668-BE54-9A1E7A4F7556}") = "Claudia.FunctionGenerator.Tests", "tests\Claudia.FunctionGenerator.Tests\Claudia.FunctionGenerator.Tests.csproj", "{89A58A08-F553-4CEA-A2A8-783009501E05}"
EndProject
Project("{FAE04EC0-301F-11D3-BF4B-00C04F79EFBC}") = "BedrockConsoleApp", "sandbox\BedrockConsoleApp\BedrockConsoleApp.csproj", "{79C84272-E0AB-4918-9454-B0AEA9CBE40A}"
EndProject
Global
	GlobalSection(SolutionConfigurationPlatforms) = preSolution
		Debug|Any CPU = Debug|Any CPU
		Release|Any CPU = Release|Any CPU
	EndGlobalSection
	GlobalSection(ProjectConfigurationPlatforms) = postSolution
		{DBACF901-2D17-4600-A424-52DE1597EFE8}.Debug|Any CPU.ActiveCfg = Debug|Any CPU
		{DBACF901-2D17-4600-A424-52DE1597EFE8}.Debug|Any CPU.Build.0 = Debug|Any CPU
		{DBACF901-2D17-4600-A424-52DE1597EFE8}.Release|Any CPU.ActiveCfg = Release|Any CPU
		{DBACF901-2D17-4600-A424-52DE1597EFE8}.Release|Any CPU.Build.0 = Release|Any CPU
		{7D6C6A91-7B2E-4616-A40F-ACA1A0BDBEB4}.Debug|Any CPU.ActiveCfg = Debug|Any CPU
		{7D6C6A91-7B2E-4616-A40F-ACA1A0BDBEB4}.Debug|Any CPU.Build.0 = Debug|Any CPU
		{7D6C6A91-7B2E-4616-A40F-ACA1A0BDBEB4}.Release|Any CPU.ActiveCfg = Release|Any CPU
		{7D6C6A91-7B2E-4616-A40F-ACA1A0BDBEB4}.Release|Any CPU.Build.0 = Release|Any CPU
		{B4A34AB7-FD1B-4CC4-9859-603D26D7D0A4}.Debug|Any CPU.ActiveCfg = Debug|Any CPU
		{B4A34AB7-FD1B-4CC4-9859-603D26D7D0A4}.Debug|Any CPU.Build.0 = Debug|Any CPU
		{B4A34AB7-FD1B-4CC4-9859-603D26D7D0A4}.Release|Any CPU.ActiveCfg = Release|Any CPU
		{B4A34AB7-FD1B-4CC4-9859-603D26D7D0A4}.Release|Any CPU.Build.0 = Release|Any CPU
		{8EEB0F69-132B-4887-959D-25531588FCD2}.Debug|Any CPU.ActiveCfg = Debug|Any CPU
		{8EEB0F69-132B-4887-959D-25531588FCD2}.Debug|Any CPU.Build.0 = Debug|Any CPU
		{8EEB0F69-132B-4887-959D-25531588FCD2}.Release|Any CPU.ActiveCfg = Release|Any CPU
		{8EEB0F69-132B-4887-959D-25531588FCD2}.Release|Any CPU.Build.0 = Release|Any CPU
		{8C464111-AD67-4D2B-9AE2-0B52AB077EBD}.Debug|Any CPU.ActiveCfg = Debug|Any CPU
		{8C464111-AD67-4D2B-9AE2-0B52AB077EBD}.Debug|Any CPU.Build.0 = Debug|Any CPU
		{8C464111-AD67-4D2B-9AE2-0B52AB077EBD}.Release|Any CPU.ActiveCfg = Release|Any CPU
		{8C464111-AD67-4D2B-9AE2-0B52AB077EBD}.Release|Any CPU.Build.0 = Release|Any CPU
		{89A58A08-F553-4CEA-A2A8-783009501E05}.Debug|Any CPU.ActiveCfg = Debug|Any CPU
		{89A58A08-F553-4CEA-A2A8-783009501E05}.Debug|Any CPU.Build.0 = Debug|Any CPU
		{89A58A08-F553-4CEA-A2A8-783009501E05}.Release|Any CPU.ActiveCfg = Release|Any CPU
		{89A58A08-F553-4CEA-A2A8-783009501E05}.Release|Any CPU.Build.0 = Release|Any CPU
		{79C84272-E0AB-4918-9454-B0AEA9CBE40A}.Debug|Any CPU.ActiveCfg = Debug|Any CPU
		{79C84272-E0AB-4918-9454-B0AEA9CBE40A}.Debug|Any CPU.Build.0 = Debug|Any CPU
		{79C84272-E0AB-4918-9454-B0AEA9CBE40A}.Release|Any CPU.ActiveCfg = Release|Any CPU
		{79C84272-E0AB-4918-9454-B0AEA9CBE40A}.Release|Any CPU.Build.0 = Release|Any CPU
	EndGlobalSection
	GlobalSection(SolutionProperties) = preSolution
		HideSolutionNode = FALSE
	EndGlobalSection
	GlobalSection(NestedProjects) = preSolution
		{DBACF901-2D17-4600-A424-52DE1597EFE8} = {B54A8855-F8F0-4015-80AA-86974E65AC2D}
		{7D6C6A91-7B2E-4616-A40F-ACA1A0BDBEB4} = {E61BFC87-2B96-4699-9B69-EE4B008AE0A0}
		{B4A34AB7-FD1B-4CC4-9859-603D26D7D0A4} = {1B4BD6F6-8528-4409-BA55-085DA5486D36}
		{8EEB0F69-132B-4887-959D-25531588FCD2} = {E61BFC87-2B96-4699-9B69-EE4B008AE0A0}
		{8C464111-AD67-4D2B-9AE2-0B52AB077EBD} = {B54A8855-F8F0-4015-80AA-86974E65AC2D}
		{89A58A08-F553-4CEA-A2A8-783009501E05} = {1B4BD6F6-8528-4409-BA55-085DA5486D36}
		{79C84272-E0AB-4918-9454-B0AEA9CBE40A} = {E61BFC87-2B96-4699-9B69-EE4B008AE0A0}
	EndGlobalSection
	GlobalSection(ExtensibilityGlobals) = postSolution
		SolutionGuid = {B7CEBA02-BB0C-4102-AE58-DFD114C3192A}
	EndGlobalSection
EndGlobal
